
Microsoft Visual Studio Solution File, Format Version 12.00
# Visual Studio Version 16
VisualStudioVersion = 16.0.33529.622
MinimumVisualStudioVersion = 10.0.40219.1
Project("{FAE04EC0-301F-11D3-BF4B-00C04F79EFBC}") = "SortVisualiser", "SortVisualiser.csproj", "{EA4DB154-14BF-4BF7-95FE-C48F65E855AD}"
EndProject
Global
	GlobalSection(SolutionConfigurationPlatforms) = preSolution
		Debug|Any CPU = Debug|Any CPU
		Release|Any CPU = Release|Any CPU
	EndGlobalSection
	GlobalSection(ProjectConfigurationPlatforms) = postSolution
		{EA4DB154-14BF-4BF7-95FE-C48F65E855AD}.Debug|Any CPU.ActiveCfg = Debug|Any CPU
		{EA4DB154-14BF-4BF7-95FE-C48F65E855AD}.Debug|Any CPU.Build.0 = Debug|Any CPU
		{EA4DB154-14BF-4BF7-95FE-C48F65E855AD}.Release|Any CPU.ActiveCfg = Release|Any CPU
		{EA4DB154-14BF-4BF7-95FE-C48F65E855AD}.Release|Any CPU.Build.0 = Release|Any CPU
	EndGlobalSection
	GlobalSection(SolutionProperties) = preSolution
		HideSolutionNode = FALSE
	EndGlobalSection
	GlobalSection(ExtensibilityGlobals) = postSolution
		SolutionGuid = {CC26F1AB-20FC-435F-9235-E11D046E43B8}
	EndGlobalSection
EndGlobal
